{
  "name": "@xarples/accounts-db",
  "version": "0.0.0",
  "lockfileVersion": 1,
  "requires": true,
  "dependencies": {
    "prisma2": {
      "version": "2.0.0-preview-6.1",
      "resolved": "https://registry.npmjs.org/prisma2/-/prisma2-2.0.0-preview-6.1.tgz",
      "integrity": "sha512-N8q7KqQEhcOrDLExSAm2pG0Haw2gw5RmlkOtq3UekM+ob150k0lyMvLvqHc3VxXfe0eDyid13uM6AMG+cTw4mQ=="
    },
    "typescript": {
      "version": "3.5.3",
      "resolved": "https://registry.npmjs.org/typescript/-/typescript-3.5.3.tgz",
      "integrity": "sha512-ACzBtm/PhXBDId6a6sDJfroT2pOWt/oOnk4/dElG5G33ZL776N3Y6/6bKZJBFpd+b05F3Ct9qDjMeJmRWtE2/g==",
      "dev": true
    }
  }
}
